
Microsoft Visual Studio Solution File, Format Version 12.00
# Visual Studio Version 16
VisualStudioVersion = 16.0.31402.337
MinimumVisualStudioVersion = 10.0.40219.1
Project("{9A19103F-16F7-4668-BE54-9A1E7A4F7556}") = "api_gateWay", "api_gateWay\api_gateWay.csproj", "{515EC59C-EDA3-45E9-8B51-887E3AB504A2}"
EndProject
Project("{9A19103F-16F7-4668-BE54-9A1E7A4F7556}") = "api_users", "api_users\api_users.csproj", "{3DE2FDA0-49F7-478E-BCEC-A7CAF9C922CA}"
EndProject
Project("{9A19103F-16F7-4668-BE54-9A1E7A4F7556}") = "api_orderinfos", "api_orderinfos\api_orderinfos.csproj", "{8B2C11C2-18AF-4FBA-9C18-E66123FC2889}"
EndProject
Global
	GlobalSection(SolutionConfigurationPlatforms) = preSolution
		Debug|Any CPU = Debug|Any CPU
		Release|Any CPU = Release|Any CPU
	EndGlobalSection
	GlobalSection(ProjectConfigurationPlatforms) = postSolution
		{515EC59C-EDA3-45E9-8B51-887E3AB504A2}.Debug|Any CPU.ActiveCfg = Debug|Any CPU
		{515EC59C-EDA3-45E9-8B51-887E3AB504A2}.Debug|Any CPU.Build.0 = Debug|Any CPU
		{515EC59C-EDA3-45E9-8B51-887E3AB504A2}.Release|Any CPU.ActiveCfg = Release|Any CPU
		{515EC59C-EDA3-45E9-8B51-887E3AB504A2}.Release|Any CPU.Build.0 = Release|Any CPU
		{3DE2FDA0-49F7-478E-BCEC-A7CAF9C922CA}.Debug|Any CPU.ActiveCfg = Debug|Any CPU
		{3DE2FDA0-49F7-478E-BCEC-A7CAF9C922CA}.Debug|Any CPU.Build.0 = Debug|Any CPU
		{3DE2FDA0-49F7-478E-BCEC-A7CAF9C922CA}.Release|Any CPU.ActiveCfg = Release|Any CPU
		{3DE2FDA0-49F7-478E-BCEC-A7CAF9C922CA}.Release|Any CPU.Build.0 = Release|Any CPU
		{8B2C11C2-18AF-4FBA-9C18-E66123FC2889}.Debug|Any CPU.ActiveCfg = Debug|Any CPU
		{8B2C11C2-18AF-4FBA-9C18-E66123FC2889}.Debug|Any CPU.Build.0 = Debug|Any CPU
		{8B2C11C2-18AF-4FBA-9C18-E66123FC2889}.Release|Any CPU.ActiveCfg = Release|Any CPU
		{8B2C11C2-18AF-4FBA-9C18-E66123FC2889}.Release|Any CPU.Build.0 = Release|Any CPU
	EndGlobalSection
	GlobalSection(SolutionProperties) = preSolution
		HideSolutionNode = FALSE
	EndGlobalSection
	GlobalSection(ExtensibilityGlobals) = postSolution
		SolutionGuid = {C23CB867-90A6-4E04-9F19-8907C48E75D2}
	EndGlobalSection
EndGlobal
